
Microsoft Visual Studio Solution File, Format Version 12.00
# Visual Studio Version 17
VisualStudioVersion = 17.14.36811.4 d17.14
MinimumVisualStudioVersion = 10.0.40219.1
Project("{FAE04EC0-301F-11D3-BF4B-00C04F79EFBC}") = "DevQuestions.Domain", "src\DevQuestions.Domain\DevQuestions.Domain.csproj", "{380D47FC-5E37-434D-B60A-79F93358DC74}"
EndProject
Project("{2150E333-8FDC-42A3-9474-1A3956D46DE8}") = "src", "src", "{36D591C7-65C7-A0D1-1CBC-10CDE441BDC8}"
EndProject
Global
	GlobalSection(SolutionConfigurationPlatforms) = preSolution
		Debug|Any CPU = Debug|Any CPU
		Release|Any CPU = Release|Any CPU
	EndGlobalSection
	GlobalSection(ProjectConfigurationPlatforms) = postSolution
		{380D47FC-5E37-434D-B60A-79F93358DC74}.Debug|Any CPU.ActiveCfg = Debug|Any CPU
		{380D47FC-5E37-434D-B60A-79F93358DC74}.Debug|Any CPU.Build.0 = Debug|Any CPU
		{380D47FC-5E37-434D-B60A-79F93358DC74}.Release|Any CPU.ActiveCfg = Release|Any CPU
		{380D47FC-5E37-434D-B60A-79F93358DC74}.Release|Any CPU.Build.0 = Release|Any CPU
	EndGlobalSection
	GlobalSection(SolutionProperties) = preSolution
		HideSolutionNode = FALSE
	EndGlobalSection
	GlobalSection(NestedProjects) = preSolution
		{380D47FC-5E37-434D-B60A-79F93358DC74} = {36D591C7-65C7-A0D1-1CBC-10CDE441BDC8}
	EndGlobalSection
	GlobalSection(ExtensibilityGlobals) = postSolution
		SolutionGuid = {8832AA36-8B8C-41DE-AB45-553A5E8BCD30}
	EndGlobalSection
EndGlobal
