
Microsoft Visual Studio Solution File, Format Version 12.00
# Visual Studio Version 17
VisualStudioVersion = 17.14.36811.4
MinimumVisualStudioVersion = 10.0.40219.1
Project("{2150E333-8FDC-42A3-9474-1A3956D46DE8}") = "src", "src", "{36D591C7-65C7-A0D1-1CBC-10CDE441BDC8}"
EndProject
Project("{FAE04EC0-301F-11D3-BF4B-00C04F79EFBC}") = "DevQuestions.Web", "src\DevQuestions.Web\DevQuestions.Web.csproj", "{134146A7-9C96-4AAF-827D-C273814234C6}"
EndProject
Project("{2150E333-8FDC-42A3-9474-1A3956D46DE8}") = "Solution Items", "Solution Items", "{CEC26679-8DFF-47B5-82BA-6CCCDFF979B7}"
	ProjectSection(SolutionItems) = preProject
		.editorconfig = .editorconfig
		Directory.Build.props = Directory.Build.props
	EndProjectSection
EndProject
Project("{2150E333-8FDC-42A3-9474-1A3956D46DE8}") = "Questions", "Questions", "{0178BE92-11AC-4C63-8D54-8BBB5B30C7E8}"
EndProject
Project("{2150E333-8FDC-42A3-9474-1A3956D46DE8}") = "Tags", "Tags", "{BCFFD894-97A6-4A57-A3CF-17564410CA74}"
EndProject
Project("{FAE04EC0-301F-11D3-BF4B-00C04F79EFBC}") = "Questions.Domain", "src\Questions\Questions.Domain\Questions.Domain.csproj", "{9A18CB07-B9F2-435A-A755-98A0580BA0B3}"
EndProject
Project("{FAE04EC0-301F-11D3-BF4B-00C04F79EFBC}") = "Questions.Application", "src\Questions\Questions.Application\Questions.Application.csproj", "{B097981B-121C-44B2-A03C-E091F8AB7C8C}"
EndProject
Project("{FAE04EC0-301F-11D3-BF4B-00C04F79EFBC}") = "Questions.Presenters", "src\Questions\Questions.Presenters\Questions.Presenters.csproj", "{FDECAD1D-F805-4069-A84D-D1E7804E7970}"
EndProject
Project("{FAE04EC0-301F-11D3-BF4B-00C04F79EFBC}") = "Questions.Infrastructure.Postgres", "src\Questions\Questions.Infrastructure.Postgres\Questions.Infrastructure.Postgres.csproj", "{B3C2E28F-4BDD-4553-BEA6-8D495791C4BD}"
EndProject
Project("{FAE04EC0-301F-11D3-BF4B-00C04F79EFBC}") = "Questions.Contracts", "src\Questions\Questions.Contracts\Questions.Contracts.csproj", "{80D47B08-4EBB-4083-A682-D29A75C7B352}"
EndProject
Project("{2150E333-8FDC-42A3-9474-1A3956D46DE8}") = "Core", "Core", "{03AC3346-6173-404B-A47E-E067287E05A0}"
EndProject
Project("{2150E333-8FDC-42A3-9474-1A3956D46DE8}") = "Comments", "Comments", "{D846E6C1-39FD-4349-874E-866DF40F029F}"
EndProject
Project("{2150E333-8FDC-42A3-9474-1A3956D46DE8}") = "Reports", "Reports", "{C1A46737-DF27-43A0-B489-1023FD514227}"
EndProject
Project("{FAE04EC0-301F-11D3-BF4B-00C04F79EFBC}") = "Shared", "src\Core\Shared\Shared.csproj", "{3AF7D277-EC78-F605-9733-D8B93EBA5E37}"
EndProject
Project("{2150E333-8FDC-42A3-9474-1A3956D46DE8}") = "Infrastructure", "Infrastructure", "{BE9A86DB-231E-479D-9F28-7725293AAB7E}"
EndProject
Project("{FAE04EC0-301F-11D3-BF4B-00C04F79EFBC}") = "Infrastructure.ElasticSearch", "src\Core\Infrastructure\Infrastructure.ElasticSearch\Infrastructure.ElasticSearch.csproj", "{F840585A-9AEF-336D-0B57-6A2570C60D4F}"
EndProject
Project("{FAE04EC0-301F-11D3-BF4B-00C04F79EFBC}") = "Infrastructure.S3", "src\Core\Infrastructure\Infrastructure.S3\Infrastructure.S3.csproj", "{F4E152BB-434F-EBB5-4FCE-DDD0D6E8D49D}"
EndProject
Project("{FAE04EC0-301F-11D3-BF4B-00C04F79EFBC}") = "Infrastructure.Communication", "src\Core\Infrastructure\Infrastructure.Communication\Infrastructure.Communication.csproj", "{EB0865C0-F7F8-E962-F8EE-298BAC05AA0E}"
EndProject
Project("{FAE04EC0-301F-11D3-BF4B-00C04F79EFBC}") = "Reports", "src\Reports\Reports\Reports.csproj", "{C7C43503-BBE6-6856-2B25-2643ACCE4465}"
EndProject
Project("{FAE04EC0-301F-11D3-BF4B-00C04F79EFBC}") = "Tags", "src\Tags\Tags\Tags.csproj", "{09283E5C-75B8-CD84-BC82-98560EEB7349}"
EndProject
Project("{FAE04EC0-301F-11D3-BF4B-00C04F79EFBC}") = "Comments", "src\Comments\Comments\Comments.csproj", "{0FB95913-824B-9AEE-439F-51C5997F1F07}"
EndProject
Project("{FAE04EC0-301F-11D3-BF4B-00C04F79EFBC}") = "Framework", "src\Core\Framework\Framework.csproj", "{FFE3449D-D75F-4A65-8CA7-2DE13B951FD4}"
EndProject
Project("{FAE04EC0-301F-11D3-BF4B-00C04F79EFBC}") = "Tags.Contracts", "src\Tags\Tags.Contracts\Tags.Contracts.csproj", "{AFA55326-A4BE-49DD-AF1C-860BDD06B8A2}"
EndProject
Project("{FAE04EC0-301F-11D3-BF4B-00C04F79EFBC}") = "Tags.Presenters", "src\Tags\Tags.Presenters\Tags.Presenters.csproj", "{5BA162A0-E41A-4C00-8F14-8E93B2AFEA78}"
EndProject
Global
	GlobalSection(SolutionConfigurationPlatforms) = preSolution
		Debug|Any CPU = Debug|Any CPU
		Release|Any CPU = Release|Any CPU
	EndGlobalSection
	GlobalSection(ProjectConfigurationPlatforms) = postSolution
		{134146A7-9C96-4AAF-827D-C273814234C6}.Debug|Any CPU.ActiveCfg = Debug|Any CPU
		{134146A7-9C96-4AAF-827D-C273814234C6}.Debug|Any CPU.Build.0 = Debug|Any CPU
		{134146A7-9C96-4AAF-827D-C273814234C6}.Release|Any CPU.ActiveCfg = Release|Any CPU
		{134146A7-9C96-4AAF-827D-C273814234C6}.Release|Any CPU.Build.0 = Release|Any CPU
		{9A18CB07-B9F2-435A-A755-98A0580BA0B3}.Debug|Any CPU.ActiveCfg = Debug|Any CPU
		{9A18CB07-B9F2-435A-A755-98A0580BA0B3}.Debug|Any CPU.Build.0 = Debug|Any CPU
		{9A18CB07-B9F2-435A-A755-98A0580BA0B3}.Release|Any CPU.ActiveCfg = Release|Any CPU
		{9A18CB07-B9F2-435A-A755-98A0580BA0B3}.Release|Any CPU.Build.0 = Release|Any CPU
		{B097981B-121C-44B2-A03C-E091F8AB7C8C}.Debug|Any CPU.ActiveCfg = Debug|Any CPU
		{B097981B-121C-44B2-A03C-E091F8AB7C8C}.Debug|Any CPU.Build.0 = Debug|Any CPU
		{B097981B-121C-44B2-A03C-E091F8AB7C8C}.Release|Any CPU.ActiveCfg = Release|Any CPU
		{B097981B-121C-44B2-A03C-E091F8AB7C8C}.Release|Any CPU.Build.0 = Release|Any CPU
		{FDECAD1D-F805-4069-A84D-D1E7804E7970}.Debug|Any CPU.ActiveCfg = Debug|Any CPU
		{FDECAD1D-F805-4069-A84D-D1E7804E7970}.Debug|Any CPU.Build.0 = Debug|Any CPU
		{FDECAD1D-F805-4069-A84D-D1E7804E7970}.Release|Any CPU.ActiveCfg = Release|Any CPU
		{FDECAD1D-F805-4069-A84D-D1E7804E7970}.Release|Any CPU.Build.0 = Release|Any CPU
		{B3C2E28F-4BDD-4553-BEA6-8D495791C4BD}.Debug|Any CPU.ActiveCfg = Debug|Any CPU
		{B3C2E28F-4BDD-4553-BEA6-8D495791C4BD}.Debug|Any CPU.Build.0 = Debug|Any CPU
		{B3C2E28F-4BDD-4553-BEA6-8D495791C4BD}.Release|Any CPU.ActiveCfg = Release|Any CPU
		{B3C2E28F-4BDD-4553-BEA6-8D495791C4BD}.Release|Any CPU.Build.0 = Release|Any CPU
		{80D47B08-4EBB-4083-A682-D29A75C7B352}.Debug|Any CPU.ActiveCfg = Debug|Any CPU
		{80D47B08-4EBB-4083-A682-D29A75C7B352}.Debug|Any CPU.Build.0 = Debug|Any CPU
		{80D47B08-4EBB-4083-A682-D29A75C7B352}.Release|Any CPU.ActiveCfg = Release|Any CPU
		{80D47B08-4EBB-4083-A682-D29A75C7B352}.Release|Any CPU.Build.0 = Release|Any CPU
		{3AF7D277-EC78-F605-9733-D8B93EBA5E37}.Debug|Any CPU.ActiveCfg = Debug|Any CPU
		{3AF7D277-EC78-F605-9733-D8B93EBA5E37}.Debug|Any CPU.Build.0 = Debug|Any CPU
		{3AF7D277-EC78-F605-9733-D8B93EBA5E37}.Release|Any CPU.ActiveCfg = Release|Any CPU
		{3AF7D277-EC78-F605-9733-D8B93EBA5E37}.Release|Any CPU.Build.0 = Release|Any CPU
		{F840585A-9AEF-336D-0B57-6A2570C60D4F}.Debug|Any CPU.ActiveCfg = Debug|Any CPU
		{F840585A-9AEF-336D-0B57-6A2570C60D4F}.Debug|Any CPU.Build.0 = Debug|Any CPU
		{F840585A-9AEF-336D-0B57-6A2570C60D4F}.Release|Any CPU.ActiveCfg = Release|Any CPU
		{F840585A-9AEF-336D-0B57-6A2570C60D4F}.Release|Any CPU.Build.0 = Release|Any CPU
		{F4E152BB-434F-EBB5-4FCE-DDD0D6E8D49D}.Debug|Any CPU.ActiveCfg = Debug|Any CPU
		{F4E152BB-434F-EBB5-4FCE-DDD0D6E8D49D}.Debug|Any CPU.Build.0 = Debug|Any CPU
		{F4E152BB-434F-EBB5-4FCE-DDD0D6E8D49D}.Release|Any CPU.ActiveCfg = Release|Any CPU
		{F4E152BB-434F-EBB5-4FCE-DDD0D6E8D49D}.Release|Any CPU.Build.0 = Release|Any CPU
		{EB0865C0-F7F8-E962-F8EE-298BAC05AA0E}.Debug|Any CPU.ActiveCfg = Debug|Any CPU
		{EB0865C0-F7F8-E962-F8EE-298BAC05AA0E}.Debug|Any CPU.Build.0 = Debug|Any CPU
		{EB0865C0-F7F8-E962-F8EE-298BAC05AA0E}.Release|Any CPU.ActiveCfg = Release|Any CPU
		{EB0865C0-F7F8-E962-F8EE-298BAC05AA0E}.Release|Any CPU.Build.0 = Release|Any CPU
		{C7C43503-BBE6-6856-2B25-2643ACCE4465}.Debug|Any CPU.ActiveCfg = Debug|Any CPU
		{C7C43503-BBE6-6856-2B25-2643ACCE4465}.Debug|Any CPU.Build.0 = Debug|Any CPU
		{C7C43503-BBE6-6856-2B25-2643ACCE4465}.Release|Any CPU.ActiveCfg = Release|Any CPU
		{C7C43503-BBE6-6856-2B25-2643ACCE4465}.Release|Any CPU.Build.0 = Release|Any CPU
		{09283E5C-75B8-CD84-BC82-98560EEB7349}.Debug|Any CPU.ActiveCfg = Debug|Any CPU
		{09283E5C-75B8-CD84-BC82-98560EEB7349}.Debug|Any CPU.Build.0 = Debug|Any CPU
		{09283E5C-75B8-CD84-BC82-98560EEB7349}.Release|Any CPU.ActiveCfg = Release|Any CPU
		{09283E5C-75B8-CD84-BC82-98560EEB7349}.Release|Any CPU.Build.0 = Release|Any CPU
		{0FB95913-824B-9AEE-439F-51C5997F1F07}.Debug|Any CPU.ActiveCfg = Debug|Any CPU
		{0FB95913-824B-9AEE-439F-51C5997F1F07}.Debug|Any CPU.Build.0 = Debug|Any CPU
		{0FB95913-824B-9AEE-439F-51C5997F1F07}.Release|Any CPU.ActiveCfg = Release|Any CPU
		{0FB95913-824B-9AEE-439F-51C5997F1F07}.Release|Any CPU.Build.0 = Release|Any CPU
		{FFE3449D-D75F-4A65-8CA7-2DE13B951FD4}.Debug|Any CPU.ActiveCfg = Debug|Any CPU
		{FFE3449D-D75F-4A65-8CA7-2DE13B951FD4}.Debug|Any CPU.Build.0 = Debug|Any CPU
		{FFE3449D-D75F-4A65-8CA7-2DE13B951FD4}.Release|Any CPU.ActiveCfg = Release|Any CPU
		{FFE3449D-D75F-4A65-8CA7-2DE13B951FD4}.Release|Any CPU.Build.0 = Release|Any CPU
		{AFA55326-A4BE-49DD-AF1C-860BDD06B8A2}.Debug|Any CPU.ActiveCfg = Debug|Any CPU
		{AFA55326-A4BE-49DD-AF1C-860BDD06B8A2}.Debug|Any CPU.Build.0 = Debug|Any CPU
		{AFA55326-A4BE-49DD-AF1C-860BDD06B8A2}.Release|Any CPU.ActiveCfg = Release|Any CPU
		{AFA55326-A4BE-49DD-AF1C-860BDD06B8A2}.Release|Any CPU.Build.0 = Release|Any CPU
		{5BA162A0-E41A-4C00-8F14-8E93B2AFEA78}.Debug|Any CPU.ActiveCfg = Debug|Any CPU
		{5BA162A0-E41A-4C00-8F14-8E93B2AFEA78}.Debug|Any CPU.Build.0 = Debug|Any CPU
		{5BA162A0-E41A-4C00-8F14-8E93B2AFEA78}.Release|Any CPU.ActiveCfg = Release|Any CPU
		{5BA162A0-E41A-4C00-8F14-8E93B2AFEA78}.Release|Any CPU.Build.0 = Release|Any CPU
	EndGlobalSection
	GlobalSection(SolutionProperties) = preSolution
		HideSolutionNode = FALSE
	EndGlobalSection
	GlobalSection(NestedProjects) = preSolution
		{134146A7-9C96-4AAF-827D-C273814234C6} = {36D591C7-65C7-A0D1-1CBC-10CDE441BDC8}
		{0178BE92-11AC-4C63-8D54-8BBB5B30C7E8} = {36D591C7-65C7-A0D1-1CBC-10CDE441BDC8}
		{BCFFD894-97A6-4A57-A3CF-17564410CA74} = {36D591C7-65C7-A0D1-1CBC-10CDE441BDC8}
		{9A18CB07-B9F2-435A-A755-98A0580BA0B3} = {0178BE92-11AC-4C63-8D54-8BBB5B30C7E8}
		{B097981B-121C-44B2-A03C-E091F8AB7C8C} = {0178BE92-11AC-4C63-8D54-8BBB5B30C7E8}
		{FDECAD1D-F805-4069-A84D-D1E7804E7970} = {0178BE92-11AC-4C63-8D54-8BBB5B30C7E8}
		{B3C2E28F-4BDD-4553-BEA6-8D495791C4BD} = {0178BE92-11AC-4C63-8D54-8BBB5B30C7E8}
		{80D47B08-4EBB-4083-A682-D29A75C7B352} = {0178BE92-11AC-4C63-8D54-8BBB5B30C7E8}
		{03AC3346-6173-404B-A47E-E067287E05A0} = {36D591C7-65C7-A0D1-1CBC-10CDE441BDC8}
		{D846E6C1-39FD-4349-874E-866DF40F029F} = {36D591C7-65C7-A0D1-1CBC-10CDE441BDC8}
		{C1A46737-DF27-43A0-B489-1023FD514227} = {36D591C7-65C7-A0D1-1CBC-10CDE441BDC8}
		{3AF7D277-EC78-F605-9733-D8B93EBA5E37} = {03AC3346-6173-404B-A47E-E067287E05A0}
		{BE9A86DB-231E-479D-9F28-7725293AAB7E} = {03AC3346-6173-404B-A47E-E067287E05A0}
		{F840585A-9AEF-336D-0B57-6A2570C60D4F} = {BE9A86DB-231E-479D-9F28-7725293AAB7E}
		{F4E152BB-434F-EBB5-4FCE-DDD0D6E8D49D} = {BE9A86DB-231E-479D-9F28-7725293AAB7E}
		{EB0865C0-F7F8-E962-F8EE-298BAC05AA0E} = {BE9A86DB-231E-479D-9F28-7725293AAB7E}
		{C7C43503-BBE6-6856-2B25-2643ACCE4465} = {C1A46737-DF27-43A0-B489-1023FD514227}
		{09283E5C-75B8-CD84-BC82-98560EEB7349} = {BCFFD894-97A6-4A57-A3CF-17564410CA74}
		{0FB95913-824B-9AEE-439F-51C5997F1F07} = {D846E6C1-39FD-4349-874E-866DF40F029F}
		{FFE3449D-D75F-4A65-8CA7-2DE13B951FD4} = {03AC3346-6173-404B-A47E-E067287E05A0}
		{AFA55326-A4BE-49DD-AF1C-860BDD06B8A2} = {BCFFD894-97A6-4A57-A3CF-17564410CA74}
		{5BA162A0-E41A-4C00-8F14-8E93B2AFEA78} = {BCFFD894-97A6-4A57-A3CF-17564410CA74}
	EndGlobalSection
	GlobalSection(ExtensibilityGlobals) = postSolution
		SolutionGuid = {8832AA36-8B8C-41DE-AB45-553A5E8BCD30}
	EndGlobalSection
EndGlobal
